// !$*UTF8*$!
{
	archiveVersion = 1;
	classes = {
	};
	objectVersion = 56;
	objects = {

/* Begin PBXBuildFile section */
		04961DF62CE4C51B0027DD65 /* MarvelGalleryApp.swift in Sources */ = {isa = PBXBuildFile; fileRef = 04961DF52CE4C51B0027DD65 /* MarvelGalleryApp.swift */; };
		04961DF82CE4C51B0027DD65 /* CharacterListView.swift in Sources */ = {isa = PBXBuildFile; fileRef = 04961DF72CE4C51B0027DD65 /* CharacterListView.swift */; };
		04961DFA2CE4C51E0027DD65 /* Assets.xcassets in Resources */ = {isa = PBXBuildFile; fileRef = 04961DF92CE4C51E0027DD65 /* Assets.xcassets */; };
		04961DFD2CE4C51E0027DD65 /* Preview Assets.xcassets in Resources */ = {isa = PBXBuildFile; fileRef = 04961DFC2CE4C51E0027DD65 /* Preview Assets.xcassets */; };
		04961E072CE4C51E0027DD65 /* MarvelGalleryTests.swift in Sources */ = {isa = PBXBuildFile; fileRef = 04961E062CE4C51E0027DD65 /* MarvelGalleryTests.swift */; };
		04961E112CE4C51E0027DD65 /* MarvelGalleryUITests.swift in Sources */ = {isa = PBXBuildFile; fileRef = 04961E102CE4C51E0027DD65 /* MarvelGalleryUITests.swift */; };
		04961E132CE4C51E0027DD65 /* MarvelGalleryUITestsLaunchTests.swift in Sources */ = {isa = PBXBuildFile; fileRef = 04961E122CE4C51E0027DD65 /* MarvelGalleryUITestsLaunchTests.swift */; };
		04961E222CE4CCD70027DD65 /* CharacterListViewModel.swift in Sources */ = {isa = PBXBuildFile; fileRef = 04961E212CE4CCD70027DD65 /* CharacterListViewModel.swift */; };
		04961E242CE4CCF30027DD65 /* CharacterListModel.swift in Sources */ = {isa = PBXBuildFile; fileRef = 04961E232CE4CCF30027DD65 /* CharacterListModel.swift */; };
		04961E282CE4CE580027DD65 /* CharacterDetailView.swift in Sources */ = {isa = PBXBuildFile; fileRef = 04961E272CE4CE580027DD65 /* CharacterDetailView.swift */; };
		04961E2A2CE4CE630027DD65 /* CharacterDetailViewModel.swift in Sources */ = {isa = PBXBuildFile; fileRef = 04961E292CE4CE630027DD65 /* CharacterDetailViewModel.swift */; };
		04961E2C2CE4CE7B0027DD65 /* CharacterDetailsModel.swift in Sources */ = {isa = PBXBuildFile; fileRef = 04961E2B2CE4CE7B0027DD65 /* CharacterDetailsModel.swift */; };
		04961E2E2CE4CE980027DD65 /* NetworkManager.swift in Sources */ = {isa = PBXBuildFile; fileRef = 04961E2D2CE4CE980027DD65 /* NetworkManager.swift */; };
		04961E302CE4D7F30027DD65 /* APIService.swift in Sources */ = {isa = PBXBuildFile; fileRef = 04961E2F2CE4D7F30027DD65 /* APIService.swift */; };
		04961E322CE4D9C40027DD65 /* MarvelOperations.swift in Sources */ = {isa = PBXBuildFile; fileRef = 04961E312CE4D9C40027DD65 /* MarvelOperations.swift */; };
		04961E372CE557080027DD65 /* CharacterRowView.swift in Sources */ = {isa = PBXBuildFile; fileRef = 04961E362CE557080027DD65 /* CharacterRowView.swift */; };
		04961E3A2CE564EE0027DD65 /* GoToButtomModifiers .swift in Sources */ = {isa = PBXBuildFile; fileRef = 04961E392CE564EE0027DD65 /* GoToButtomModifiers .swift */; };
/* End PBXBuildFile section */

/* Begin PBXContainerItemProxy section */
		04961E032CE4C51E0027DD65 /* PBXContainerItemProxy */ = {
			isa = PBXContainerItemProxy;
			containerPortal = 04961DEA2CE4C51B0027DD65 /* Project object */;
			proxyType = 1;
			remoteGlobalIDString = 04961DF12CE4C51B0027DD65;
			remoteInfo = MarvelGallery;
		};
		04961E0D2CE4C51E0027DD65 /* PBXContainerItemProxy */ = {
			isa = PBXContainerItemProxy;
			containerPortal = 04961DEA2CE4C51B0027DD65 /* Project object */;
			proxyType = 1;
			remoteGlobalIDString = 04961DF12CE4C51B0027DD65;
			remoteInfo = MarvelGallery;
		};
/* End PBXContainerItemProxy section */

/* Begin PBXFileReference section */
		04961DF22CE4C51B0027DD65 /* MarvelGallery.app */ = {isa = PBXFileReference; explicitFileType = wrapper.application; includeInIndex = 0; path = MarvelGallery.app; sourceTree = BUILT_PRODUCTS_DIR; };
		04961DF52CE4C51B0027DD65 /* MarvelGalleryApp.swift */ = {isa = PBXFileReference; lastKnownFileType = sourcecode.swift; path = MarvelGalleryApp.swift; sourceTree = "<group>"; };
		04961DF72CE4C51B0027DD65 /* CharacterListView.swift */ = {isa = PBXFileReference; lastKnownFileType = sourcecode.swift; path = CharacterListView.swift; sourceTree = "<group>"; };
		04961DF92CE4C51E0027DD65 /* Assets.xcassets */ = {isa = PBXFileReference; lastKnownFileType = folder.assetcatalog; path = Assets.xcassets; sourceTree = "<group>"; };
		04961DFC2CE4C51E0027DD65 /* Preview Assets.xcassets */ = {isa = PBXFileReference; lastKnownFileType = folder.assetcatalog; path = "Preview Assets.xcassets"; sourceTree = "<group>"; };
		04961E022CE4C51E0027DD65 /* MarvelGalleryTests.xctest */ = {isa = PBXFileReference; explicitFileType = wrapper.cfbundle; includeInIndex = 0; path = MarvelGalleryTests.xctest; sourceTree = BUILT_PRODUCTS_DIR; };
		04961E062CE4C51E0027DD65 /* MarvelGalleryTests.swift */ = {isa = PBXFileReference; lastKnownFileType = sourcecode.swift; path = MarvelGalleryTests.swift; sourceTree = "<group>"; };
		04961E0C2CE4C51E0027DD65 /* MarvelGalleryUITests.xctest */ = {isa = PBXFileReference; explicitFileType = wrapper.cfbundle; includeInIndex = 0; path = MarvelGalleryUITests.xctest; sourceTree = BUILT_PRODUCTS_DIR; };
		04961E102CE4C51E0027DD65 /* MarvelGalleryUITests.swift */ = {isa = PBXFileReference; lastKnownFileType = sourcecode.swift; path = MarvelGalleryUITests.swift; sourceTree = "<group>"; };
		04961E122CE4C51E0027DD65 /* MarvelGalleryUITestsLaunchTests.swift */ = {isa = PBXFileReference; lastKnownFileType = sourcecode.swift; path = MarvelGalleryUITestsLaunchTests.swift; sourceTree = "<group>"; };
		04961E212CE4CCD70027DD65 /* CharacterListViewModel.swift */ = {isa = PBXFileReference; lastKnownFileType = sourcecode.swift; path = CharacterListViewModel.swift; sourceTree = "<group>"; };
		04961E232CE4CCF30027DD65 /* CharacterListModel.swift */ = {isa = PBXFileReference; lastKnownFileType = sourcecode.swift; path = CharacterListModel.swift; sourceTree = "<group>"; };
		04961E272CE4CE580027DD65 /* CharacterDetailView.swift */ = {isa = PBXFileReference; lastKnownFileType = sourcecode.swift; path = CharacterDetailView.swift; sourceTree = "<group>"; };
		04961E292CE4CE630027DD65 /* CharacterDetailViewModel.swift */ = {isa = PBXFileReference; lastKnownFileType = sourcecode.swift; path = CharacterDetailViewModel.swift; sourceTree = "<group>"; };
		04961E2B2CE4CE7B0027DD65 /* CharacterDetailsModel.swift */ = {isa = PBXFileReference; lastKnownFileType = sourcecode.swift; path = CharacterDetailsModel.swift; sourceTree = "<group>"; };
		04961E2D2CE4CE980027DD65 /* NetworkManager.swift */ = {isa = PBXFileReference; lastKnownFileType = sourcecode.swift; path = NetworkManager.swift; sourceTree = "<group>"; };
		04961E2F2CE4D7F30027DD65 /* APIService.swift */ = {isa = PBXFileReference; lastKnownFileType = sourcecode.swift; path = APIService.swift; sourceTree = "<group>"; };
		04961E312CE4D9C40027DD65 /* MarvelOperations.swift */ = {isa = PBXFileReference; lastKnownFileType = sourcecode.swift; path = MarvelOperations.swift; sourceTree = "<group>"; };
		04961E362CE557080027DD65 /* CharacterRowView.swift */ = {isa = PBXFileReference; lastKnownFileType = sourcecode.swift; path = CharacterRowView.swift; sourceTree = "<group>"; };
		04961E392CE564EE0027DD65 /* GoToButtomModifiers .swift */ = {isa = PBXFileReference; lastKnownFileType = sourcecode.swift; path = "GoToButtomModifiers .swift"; sourceTree = "<group>"; };
/* End PBXFileReference section */

/* Begin PBXFrameworksBuildPhase section */
		04961DEF2CE4C51B0027DD65 /* Frameworks */ = {
			isa = PBXFrameworksBuildPhase;
			buildActionMask = 2147483647;
			files = (
			);
			runOnlyForDeploymentPostprocessing = 0;
		};
		04961DFF2CE4C51E0027DD65 /* Frameworks */ = {
			isa = PBXFrameworksBuildPhase;
			buildActionMask = 2147483647;
			files = (
			);
			runOnlyForDeploymentPostprocessing = 0;
		};
		04961E092CE4C51E0027DD65 /* Frameworks */ = {
			isa = PBXFrameworksBuildPhase;
			buildActionMask = 2147483647;
			files = (
			);
			runOnlyForDeploymentPostprocessing = 0;
		};
/* End PBXFrameworksBuildPhase section */

/* Begin PBXGroup section */
		04961DE92CE4C51B0027DD65 = {
			isa = PBXGroup;
			children = (
				04961DF42CE4C51B0027DD65 /* MarvelGallery */,
				04961E052CE4C51E0027DD65 /* MarvelGalleryTests */,
				04961E0F2CE4C51E0027DD65 /* MarvelGalleryUITests */,
				04961DF32CE4C51B0027DD65 /* Products */,
			);
			sourceTree = "<group>";
		};
		04961DF32CE4C51B0027DD65 /* Products */ = {
			isa = PBXGroup;
			children = (
				04961DF22CE4C51B0027DD65 /* MarvelGallery.app */,
				04961E022CE4C51E0027DD65 /* MarvelGalleryTests.xctest */,
				04961E0C2CE4C51E0027DD65 /* MarvelGalleryUITests.xctest */,
			);
			name = Products;
			sourceTree = "<group>";
		};
		04961DF42CE4C51B0027DD65 /* MarvelGallery */ = {
			isa = PBXGroup;
			children = (
				04961E1F2CE4CC5D0027DD65 /* CharacterList */,
				04961E202CE4CC8E0027DD65 /* CharacterDetail */,
				04961E252CE4CD840027DD65 /* Core */,
				04961E262CE4CD9C0027DD65 /* Extensions */,
				04961DF92CE4C51E0027DD65 /* Assets.xcassets */,
				04961DFB2CE4C51E0027DD65 /* Preview Content */,
			);
			path = MarvelGallery;
			sourceTree = "<group>";
		};
		04961DFB2CE4C51E0027DD65 /* Preview Content */ = {
			isa = PBXGroup;
			children = (
				04961DFC2CE4C51E0027DD65 /* Preview Assets.xcassets */,
			);
			path = "Preview Content";
			sourceTree = "<group>";
		};
		04961E052CE4C51E0027DD65 /* MarvelGalleryTests */ = {
			isa = PBXGroup;
			children = (
				04961E062CE4C51E0027DD65 /* MarvelGalleryTests.swift */,
			);
			path = MarvelGalleryTests;
			sourceTree = "<group>";
		};
		04961E0F2CE4C51E0027DD65 /* MarvelGalleryUITests */ = {
			isa = PBXGroup;
			children = (
				04961E102CE4C51E0027DD65 /* MarvelGalleryUITests.swift */,
				04961E122CE4C51E0027DD65 /* MarvelGalleryUITestsLaunchTests.swift */,
			);
			path = MarvelGalleryUITests;
			sourceTree = "<group>";
		};
		04961E1F2CE4CC5D0027DD65 /* CharacterList */ = {
			isa = PBXGroup;
			children = (
				04961E382CE564C80027DD65 /* Modifiers */,
				04961E352CE556E90027DD65 /* CharacterRowView */,
				04961DF72CE4C51B0027DD65 /* CharacterListView.swift */,
				04961E212CE4CCD70027DD65 /* CharacterListViewModel.swift */,
				04961E232CE4CCF30027DD65 /* CharacterListModel.swift */,
			);
			path = CharacterList;
			sourceTree = "<group>";
		};
		04961E202CE4CC8E0027DD65 /* CharacterDetail */ = {
			isa = PBXGroup;
			children = (
				04961E272CE4CE580027DD65 /* CharacterDetailView.swift */,
				04961E292CE4CE630027DD65 /* CharacterDetailViewModel.swift */,
				04961E2B2CE4CE7B0027DD65 /* CharacterDetailsModel.swift */,
			);
			path = CharacterDetail;
			sourceTree = "<group>";
		};
		04961E252CE4CD840027DD65 /* Core */ = {
			isa = PBXGroup;
			children = (
				04961DF52CE4C51B0027DD65 /* MarvelGalleryApp.swift */,
				04961E2D2CE4CE980027DD65 /* NetworkManager.swift */,
				04961E2F2CE4D7F30027DD65 /* APIService.swift */,
				04961E312CE4D9C40027DD65 /* MarvelOperations.swift */,
			);
			path = Core;
			sourceTree = "<group>";
		};
		04961E262CE4CD9C0027DD65 /* Extensions */ = {
			isa = PBXGroup;
			children = (
			);
			path = Extensions;
			sourceTree = "<group>";
		};
		04961E352CE556E90027DD65 /* CharacterRowView */ = {
			isa = PBXGroup;
			children = (
				04961E362CE557080027DD65 /* CharacterRowView.swift */,
			);
			path = CharacterRowView;
			sourceTree = "<group>";
		};
		04961E382CE564C80027DD65 /* Modifiers */ = {
			isa = PBXGroup;
			children = (
				04961E392CE564EE0027DD65 /* GoToButtomModifiers .swift */,
			);
			path = Modifiers;
			sourceTree = "<group>";
		};
/* End PBXGroup section */

/* Begin PBXNativeTarget section */
		04961DF12CE4C51B0027DD65 /* MarvelGallery */ = {
			isa = PBXNativeTarget;
			buildConfigurationList = 04961E162CE4C51E0027DD65 /* Build configuration list for PBXNativeTarget "MarvelGallery" */;
			buildPhases = (
				04961DEE2CE4C51B0027DD65 /* Sources */,
				04961DEF2CE4C51B0027DD65 /* Frameworks */,
				04961DF02CE4C51B0027DD65 /* Resources */,
			);
			buildRules = (
			);
			dependencies = (
			);
			name = MarvelGallery;
			productName = MarvelGallery;
			productReference = 04961DF22CE4C51B0027DD65 /* MarvelGallery.app */;
			productType = "com.apple.product-type.application";
		};
		04961E012CE4C51E0027DD65 /* MarvelGalleryTests */ = {
			isa = PBXNativeTarget;
			buildConfigurationList = 04961E192CE4C51E0027DD65 /* Build configuration list for PBXNativeTarget "MarvelGalleryTests" */;
			buildPhases = (
				04961DFE2CE4C51E0027DD65 /* Sources */,
				04961DFF2CE4C51E0027DD65 /* Frameworks */,
				04961E002CE4C51E0027DD65 /* Resources */,
			);
			buildRules = (
			);
			dependencies = (
				04961E042CE4C51E0027DD65 /* PBXTargetDependency */,
			);
			name = MarvelGalleryTests;
			productName = MarvelGalleryTests;
			productReference = 04961E022CE4C51E0027DD65 /* MarvelGalleryTests.xctest */;
			productType = "com.apple.product-type.bundle.unit-test";
		};
		04961E0B2CE4C51E0027DD65 /* MarvelGalleryUITests */ = {
			isa = PBXNativeTarget;
			buildConfigurationList = 04961E1C2CE4C51E0027DD65 /* Build configuration list for PBXNativeTarget "MarvelGalleryUITests" */;
			buildPhases = (
				04961E082CE4C51E0027DD65 /* Sources */,
				04961E092CE4C51E0027DD65 /* Frameworks */,
				04961E0A2CE4C51E0027DD65 /* Resources */,
			);
			buildRules = (
			);
			dependencies = (
				04961E0E2CE4C51E0027DD65 /* PBXTargetDependency */,
			);
			name = MarvelGalleryUITests;
			productName = MarvelGalleryUITests;
			productReference = 04961E0C2CE4C51E0027DD65 /* MarvelGalleryUITests.xctest */;
			productType = "com.apple.product-type.bundle.ui-testing";
		};
/* End PBXNativeTarget section */

/* Begin PBXProject section */
		04961DEA2CE4C51B0027DD65 /* Project object */ = {
			isa = PBXProject;
			attributes = {
				BuildIndependentTargetsInParallel = 1;
				LastSwiftUpdateCheck = 1500;
				LastUpgradeCheck = 1500;
				TargetAttributes = {
					04961DF12CE4C51B0027DD65 = {
						CreatedOnToolsVersion = 15.0.1;
					};
					04961E012CE4C51E0027DD65 = {
						CreatedOnToolsVersion = 15.0.1;
						TestTargetID = 04961DF12CE4C51B0027DD65;
					};
					04961E0B2CE4C51E0027DD65 = {
						CreatedOnToolsVersion = 15.0.1;
						TestTargetID = 04961DF12CE4C51B0027DD65;
					};
				};
			};
			buildConfigurationList = 04961DED2CE4C51B0027DD65 /* Build configuration list for PBXProject "MarvelGallery" */;
			compatibilityVersion = "Xcode 14.0";
			developmentRegion = en;
			hasScannedForEncodings = 0;
			knownRegions = (
				en,
				Base,
			);
			mainGroup = 04961DE92CE4C51B0027DD65;
			productRefGroup = 04961DF32CE4C51B0027DD65 /* Products */;
			projectDirPath = "";
			projectRoot = "";
			targets = (
				04961DF12CE4C51B0027DD65 /* MarvelGallery */,
				04961E012CE4C51E0027DD65 /* MarvelGalleryTests */,
				04961E0B2CE4C51E0027DD65 /* MarvelGalleryUITests */,
			);
		};
/* End PBXProject section */

/* Begin PBXResourcesBuildPhase section */
		04961DF02CE4C51B0027DD65 /* Resources */ = {
			isa = PBXResourcesBuildPhase;
			buildActionMask = 2147483647;
			files = (
				04961DFD2CE4C51E0027DD65 /* Preview Assets.xcassets in Resources */,
				04961DFA2CE4C51E0027DD65 /* Assets.xcassets in Resources */,
			);
			runOnlyForDeploymentPostprocessing = 0;
		};
		04961E002CE4C51E0027DD65 /* Resources */ = {
			isa = PBXResourcesBuildPhase;
			buildActionMask = 2147483647;
			files = (
			);
			runOnlyForDeploymentPostprocessing = 0;
		};
		04961E0A2CE4C51E0027DD65 /* Resources */ = {
			isa = PBXResourcesBuildPhase;
			buildActionMask = 2147483647;
			files = (
			);
			runOnlyForDeploymentPostprocessing = 0;
		};
/* End PBXResourcesBuildPhase section */

/* Begin PBXSourcesBuildPhase section */
		04961DEE2CE4C51B0027DD65 /* Sources */ = {
			isa = PBXSourcesBuildPhase;
			buildActionMask = 2147483647;
			files = (
				04961E372CE557080027DD65 /* CharacterRowView.swift in Sources */,
				04961E282CE4CE580027DD65 /* CharacterDetailView.swift in Sources */,
				04961DF82CE4C51B0027DD65 /* CharacterListView.swift in Sources */,
				04961E242CE4CCF30027DD65 /* CharacterListModel.swift in Sources */,
				04961E2A2CE4CE630027DD65 /* CharacterDetailViewModel.swift in Sources */,
				04961E2E2CE4CE980027DD65 /* NetworkManager.swift in Sources */,
				04961E2C2CE4CE7B0027DD65 /* CharacterDetailsModel.swift in Sources */,
				04961E3A2CE564EE0027DD65 /* GoToButtomModifiers .swift in Sources */,
				04961E222CE4CCD70027DD65 /* CharacterListViewModel.swift in Sources */,
				04961E302CE4D7F30027DD65 /* APIService.swift in Sources */,
				04961E322CE4D9C40027DD65 /* MarvelOperations.swift in Sources */,
				04961DF62CE4C51B0027DD65 /* MarvelGalleryApp.swift in Sources */,
			);
			runOnlyForDeploymentPostprocessing = 0;
		};
		04961DFE2CE4C51E0027DD65 /* Sources */ = {
			isa = PBXSourcesBuildPhase;
			buildActionMask = 2147483647;
			files = (
				04961E072CE4C51E0027DD65 /* MarvelGalleryTests.swift in Sources */,
			);
			runOnlyForDeploymentPostprocessing = 0;
		};
		04961E082CE4C51E0027DD65 /* Sources */ = {
			isa = PBXSourcesBuildPhase;
			buildActionMask = 2147483647;
			files = (
				04961E132CE4C51E0027DD65 /* MarvelGalleryUITestsLaunchTests.swift in Sources */,
				04961E112CE4C51E0027DD65 /* MarvelGalleryUITests.swift in Sources */,
			);
			runOnlyForDeploymentPostprocessing = 0;
		};
/* End PBXSourcesBuildPhase section */

/* Begin PBXTargetDependency section */
		04961E042CE4C51E0027DD65 /* PBXTargetDependency */ = {
			isa = PBXTargetDependency;
			target = 04961DF12CE4C51B0027DD65 /* MarvelGallery */;
			targetProxy = 04961E032CE4C51E0027DD65 /* PBXContainerItemProxy */;
		};
		04961E0E2CE4C51E0027DD65 /* PBXTargetDependency */ = {
			isa = PBXTargetDependency;
			target = 04961DF12CE4C51B0027DD65 /* MarvelGallery */;
			targetProxy = 04961E0D2CE4C51E0027DD65 /* PBXContainerItemProxy */;
		};
/* End PBXTargetDependency section */

/* Begin XCBuildConfiguration section */
		04961E142CE4C51E0027DD65 /* Debug */ = {
			isa = XCBuildConfiguration;
			buildSettings = {
				ALWAYS_SEARCH_USER_PATHS = NO;
				ASSETCATALOG_COMPILER_GENERATE_SWIFT_ASSET_SYMBOL_EXTENSIONS = YES;
				CLANG_ANALYZER_NONNULL = YES;
				CLANG_ANALYZER_NUMBER_OBJECT_CONVERSION = YES_AGGRESSIVE;
				CLANG_CXX_LANGUAGE_STANDARD = "gnu++20";
				CLANG_ENABLE_MODULES = YES;
				CLANG_ENABLE_OBJC_ARC = YES;
				CLANG_ENABLE_OBJC_WEAK = YES;
				CLANG_WARN_BLOCK_CAPTURE_AUTORELEASING = YES;
				CLANG_WARN_BOOL_CONVERSION = YES;
				CLANG_WARN_COMMA = YES;
				CLANG_WARN_CONSTANT_CONVERSION = YES;
				CLANG_WARN_DEPRECATED_OBJC_IMPLEMENTATIONS = YES;
				CLANG_WARN_DIRECT_OBJC_ISA_USAGE = YES_ERROR;
				CLANG_WARN_DOCUMENTATION_COMMENTS = YES;
				CLANG_WARN_EMPTY_BODY = YES;
				CLANG_WARN_ENUM_CONVERSION = YES;
				CLANG_WARN_INFINITE_RECURSION = YES;
				CLANG_WARN_INT_CONVERSION = YES;
				CLANG_WARN_NON_LITERAL_NULL_CONVERSION = YES;
				CLANG_WARN_OBJC_IMPLICIT_RETAIN_SELF = YES;
				CLANG_WARN_OBJC_LITERAL_CONVERSION = YES;
				CLANG_WARN_OBJC_ROOT_CLASS = YES_ERROR;
				CLANG_WARN_QUOTED_INCLUDE_IN_FRAMEWORK_HEADER = YES;
				CLANG_WARN_RANGE_LOOP_ANALYSIS = YES;
				CLANG_WARN_STRICT_PROTOTYPES = YES;
				CLANG_WARN_SUSPICIOUS_MOVE = YES;
				CLANG_WARN_UNGUARDED_AVAILABILITY = YES_AGGRESSIVE;
				CLANG_WARN_UNREACHABLE_CODE = YES;
				CLANG_WARN__DUPLICATE_METHOD_MATCH = YES;
				COPY_PHASE_STRIP = NO;
				DEBUG_INFORMATION_FORMAT = dwarf;
				ENABLE_STRICT_OBJC_MSGSEND = YES;
				ENABLE_TESTABILITY = YES;
				ENABLE_USER_SCRIPT_SANDBOXING = YES;
				GCC_C_LANGUAGE_STANDARD = gnu17;
				GCC_DYNAMIC_NO_PIC = NO;
				GCC_NO_COMMON_BLOCKS = YES;
				GCC_OPTIMIZATION_LEVEL = 0;
				GCC_PREPROCESSOR_DEFINITIONS = (
					"DEBUG=1",
					"$(inherited)",
				);
				GCC_WARN_64_TO_32_BIT_CONVERSION = YES;
				GCC_WARN_ABOUT_RETURN_TYPE = YES_ERROR;
				GCC_WARN_UNDECLARED_SELECTOR = YES;
				GCC_WARN_UNINITIALIZED_AUTOS = YES_AGGRESSIVE;
				GCC_WARN_UNUSED_FUNCTION = YES;
				GCC_WARN_UNUSED_VARIABLE = YES;
				IPHONEOS_DEPLOYMENT_TARGET = 17.0;
				LOCALIZATION_PREFERS_STRING_CATALOGS = YES;
				MTL_ENABLE_DEBUG_INFO = INCLUDE_SOURCE;
				MTL_FAST_MATH = YES;
				ONLY_ACTIVE_ARCH = YES;
				SDKROOT = iphoneos;
				SWIFT_ACTIVE_COMPILATION_CONDITIONS = "DEBUG $(inherited)";
				SWIFT_OPTIMIZATION_LEVEL = "-Onone";
			};
			name = Debug;
		};
		04961E152CE4C51E0027DD65 /* Release */ = {
			isa = XCBuildConfiguration;
			buildSettings = {
				ALWAYS_SEARCH_USER_PATHS = NO;
				ASSETCATALOG_COMPILER_GENERATE_SWIFT_ASSET_SYMBOL_EXTENSIONS = YES;
				CLANG_ANALYZER_NONNULL = YES;
				CLANG_ANALYZER_NUMBER_OBJECT_CONVERSION = YES_AGGRESSIVE;
				CLANG_CXX_LANGUAGE_STANDARD = "gnu++20";
				CLANG_ENABLE_MODULES = YES;
				CLANG_ENABLE_OBJC_ARC = YES;
				CLANG_ENABLE_OBJC_WEAK = YES;
				CLANG_WARN_BLOCK_CAPTURE_AUTORELEASING = YES;
				CLANG_WARN_BOOL_CONVERSION = YES;
				CLANG_WARN_COMMA = YES;
				CLANG_WARN_CONSTANT_CONVERSION = YES;
				CLANG_WARN_DEPRECATED_OBJC_IMPLEMENTATIONS = YES;
				CLANG_WARN_DIRECT_OBJC_ISA_USAGE = YES_ERROR;
				CLANG_WARN_DOCUMENTATION_COMMENTS = YES;
				CLANG_WARN_EMPTY_BODY = YES;
				CLANG_WARN_ENUM_CONVERSION = YES;
				CLANG_WARN_INFINITE_RECURSION = YES;
				CLANG_WARN_INT_CONVERSION = YES;
				CLANG_WARN_NON_LITERAL_NULL_CONVERSION = YES;
				CLANG_WARN_OBJC_IMPLICIT_RETAIN_SELF = YES;
				CLANG_WARN_OBJC_LITERAL_CONVERSION = YES;
				CLANG_WARN_OBJC_ROOT_CLASS = YES_ERROR;
				CLANG_WARN_QUOTED_INCLUDE_IN_FRAMEWORK_HEADER = YES;
				CLANG_WARN_RANGE_LOOP_ANALYSIS = YES;
				CLANG_WARN_STRICT_PROTOTYPES = YES;
				CLANG_WARN_SUSPICIOUS_MOVE = YES;
				CLANG_WARN_UNGUARDED_AVAILABILITY = YES_AGGRESSIVE;
				CLANG_WARN_UNREACHABLE_CODE = YES;
				CLANG_WARN__DUPLICATE_METHOD_MATCH = YES;
				COPY_PHASE_STRIP = NO;
				DEBUG_INFORMATION_FORMAT = "dwarf-with-dsym";
				ENABLE_NS_ASSERTIONS = NO;
				ENABLE_STRICT_OBJC_MSGSEND = YES;
				ENABLE_USER_SCRIPT_SANDBOXING = YES;
				GCC_C_LANGUAGE_STANDARD = gnu17;
				GCC_NO_COMMON_BLOCKS = YES;
				GCC_WARN_64_TO_32_BIT_CONVERSION = YES;
				GCC_WARN_ABOUT_RETURN_TYPE = YES_ERROR;
				GCC_WARN_UNDECLARED_SELECTOR = YES;
				GCC_WARN_UNINITIALIZED_AUTOS = YES_AGGRESSIVE;
				GCC_WARN_UNUSED_FUNCTION = YES;
				GCC_WARN_UNUSED_VARIABLE = YES;
				IPHONEOS_DEPLOYMENT_TARGET = 17.0;
				LOCALIZATION_PREFERS_STRING_CATALOGS = YES;
				MTL_ENABLE_DEBUG_INFO = NO;
				MTL_FAST_MATH = YES;
				SDKROOT = iphoneos;
				SWIFT_COMPILATION_MODE = wholemodule;
				VALIDATE_PRODUCT = YES;
			};
			name = Release;
		};
		04961E172CE4C51E0027DD65 /* Debug */ = {
			isa = XCBuildConfiguration;
			buildSettings = {
				ASSETCATALOG_COMPILER_APPICON_NAME = AppIcon;
				ASSETCATALOG_COMPILER_GLOBAL_ACCENT_COLOR_NAME = AccentColor;
				CODE_SIGN_STYLE = Automatic;
				CURRENT_PROJECT_VERSION = 1;
				DEVELOPMENT_ASSET_PATHS = "\"MarvelGallery/Preview Content\"";
				ENABLE_PREVIEWS = YES;
				GENERATE_INFOPLIST_FILE = YES;
				INFOPLIST_KEY_UIApplicationSceneManifest_Generation = YES;
				INFOPLIST_KEY_UIApplicationSupportsIndirectInputEvents = YES;
				INFOPLIST_KEY_UILaunchScreen_Generation = YES;
				INFOPLIST_KEY_UISupportedInterfaceOrientations_iPad = "UIInterfaceOrientationPortrait UIInterfaceOrientationPortraitUpsideDown UIInterfaceOrientationLandscapeLeft UIInterfaceOrientationLandscapeRight";
				INFOPLIST_KEY_UISupportedInterfaceOrientations_iPhone = "UIInterfaceOrientationPortrait UIInterfaceOrientationLandscapeLeft UIInterfaceOrientationLandscapeRight";
				LD_RUNPATH_SEARCH_PATHS = (
					"$(inherited)",
					"@executable_path/Frameworks",
				);
				MARKETING_VERSION = 1.0;
				PRODUCT_BUNDLE_IDENTIFIER = com.raghad.MarvelGallery;
				PRODUCT_NAME = "$(TARGET_NAME)";
				SWIFT_EMIT_LOC_STRINGS = YES;
				SWIFT_VERSION = 5.0;
				TARGETED_DEVICE_FAMILY = "1,2";
			};
			name = Debug;
		};
		04961E182CE4C51E0027DD65 /* Release */ = {
			isa = XCBuildConfiguration;
			buildSettings = {
				ASSETCATALOG_COMPILER_APPICON_NAME = AppIcon;
				ASSETCATALOG_COMPILER_GLOBAL_ACCENT_COLOR_NAME = AccentColor;
				CODE_SIGN_STYLE = Automatic;
				CURRENT_PROJECT_VERSION = 1;
				DEVELOPMENT_ASSET_PATHS = "\"MarvelGallery/Preview Content\"";
				ENABLE_PREVIEWS = YES;
				GENERATE_INFOPLIST_FILE = YES;
				INFOPLIST_KEY_UIApplicationSceneManifest_Generation = YES;
				INFOPLIST_KEY_UIApplicationSupportsIndirectInputEvents = YES;
				INFOPLIST_KEY_UILaunchScreen_Generation = YES;
				INFOPLIST_KEY_UISupportedInterfaceOrientations_iPad = "UIInterfaceOrientationPortrait UIInterfaceOrientationPortraitUpsideDown UIInterfaceOrientationLandscapeLeft UIInterfaceOrientationLandscapeRight";
				INFOPLIST_KEY_UISupportedInterfaceOrientations_iPhone = "UIInterfaceOrientationPortrait UIInterfaceOrientationLandscapeLeft UIInterfaceOrientationLandscapeRight";
				LD_RUNPATH_SEARCH_PATHS = (
					"$(inherited)",
					"@executable_path/Frameworks",
				);
				MARKETING_VERSION = 1.0;
				PRODUCT_BUNDLE_IDENTIFIER = com.raghad.MarvelGallery;
				PRODUCT_NAME = "$(TARGET_NAME)";
				SWIFT_EMIT_LOC_STRINGS = YES;
				SWIFT_VERSION = 5.0;
				TARGETED_DEVICE_FAMILY = "1,2";
			};
			name = Release;
		};
		04961E1A2CE4C51E0027DD65 /* Debug */ = {
			isa = XCBuildConfiguration;
			buildSettings = {
				ALWAYS_EMBED_SWIFT_STANDARD_LIBRARIES = YES;
				BUNDLE_LOADER = "$(TEST_HOST)";
				CODE_SIGN_STYLE = Automatic;
				CURRENT_PROJECT_VERSION = 1;
				GENERATE_INFOPLIST_FILE = YES;
				IPHONEOS_DEPLOYMENT_TARGET = 17.0;
				MARKETING_VERSION = 1.0;
				PRODUCT_BUNDLE_IDENTIFIER = com.raghad.MarvelGalleryTests;
				PRODUCT_NAME = "$(TARGET_NAME)";
				SWIFT_EMIT_LOC_STRINGS = NO;
				SWIFT_VERSION = 5.0;
				TARGETED_DEVICE_FAMILY = "1,2";
				TEST_HOST = "$(BUILT_PRODUCTS_DIR)/MarvelGallery.app/$(BUNDLE_EXECUTABLE_FOLDER_PATH)/MarvelGallery";
			};
			name = Debug;
		};
		04961E1B2CE4C51E0027DD65 /* Release */ = {
			isa = XCBuildConfiguration;
			buildSettings = {
				ALWAYS_EMBED_SWIFT_STANDARD_LIBRARIES = YES;
				BUNDLE_LOADER = "$(TEST_HOST)";
				CODE_SIGN_STYLE = Automatic;
				CURRENT_PROJECT_VERSION = 1;
				GENERATE_INFOPLIST_FILE = YES;
				IPHONEOS_DEPLOYMENT_TARGET = 17.0;
				MARKETING_VERSION = 1.0;
				PRODUCT_BUNDLE_IDENTIFIER = com.raghad.MarvelGalleryTests;
				PRODUCT_NAME = "$(TARGET_NAME)";
				SWIFT_EMIT_LOC_STRINGS = NO;
				SWIFT_VERSION = 5.0;
				TARGETED_DEVICE_FAMILY = "1,2";
				TEST_HOST = "$(BUILT_PRODUCTS_DIR)/MarvelGallery.app/$(BUNDLE_EXECUTABLE_FOLDER_PATH)/MarvelGallery";
			};
			name = Release;
		};
		04961E1D2CE4C51E0027DD65 /* Debug */ = {
			isa = XCBuildConfiguration;
			buildSettings = {
				ALWAYS_EMBED_SWIFT_STANDARD_LIBRARIES = YES;
				CODE_SIGN_STYLE = Automatic;
				CURRENT_PROJECT_VERSION = 1;
				GENERATE_INFOPLIST_FILE = YES;
				MARKETING_VERSION = 1.0;
				PRODUCT_BUNDLE_IDENTIFIER = com.raghad.MarvelGalleryUITests;
				PRODUCT_NAME = "$(TARGET_NAME)";
				SWIFT_EMIT_LOC_STRINGS = NO;
				SWIFT_VERSION = 5.0;
				TARGETED_DEVICE_FAMILY = "1,2";
				TEST_TARGET_NAME = MarvelGallery;
			};
			name = Debug;
		};
		04961E1E2CE4C51E0027DD65 /* Release */ = {
			isa = XCBuildConfiguration;
			buildSettings = {
				ALWAYS_EMBED_SWIFT_STANDARD_LIBRARIES = YES;
				CODE_SIGN_STYLE = Automatic;
				CURRENT_PROJECT_VERSION = 1;
				GENERATE_INFOPLIST_FILE = YES;
				MARKETING_VERSION = 1.0;
				PRODUCT_BUNDLE_IDENTIFIER = com.raghad.MarvelGalleryUITests;
				PRODUCT_NAME = "$(TARGET_NAME)";
				SWIFT_EMIT_LOC_STRINGS = NO;
				SWIFT_VERSION = 5.0;
				TARGETED_DEVICE_FAMILY = "1,2";
				TEST_TARGET_NAME = MarvelGallery;
			};
			name = Release;
		};
/* End XCBuildConfiguration section */

/* Begin XCConfigurationList section */
		04961DED2CE4C51B0027DD65 /* Build configuration list for PBXProject "MarvelGallery" */ = {
			isa = XCConfigurationList;
			buildConfigurations = (
				04961E142CE4C51E0027DD65 /* Debug */,
				04961E152CE4C51E0027DD65 /* Release */,
			);
			defaultConfigurationIsVisible = 0;
			defaultConfigurationName = Release;
		};
		04961E162CE4C51E0027DD65 /* Build configuration list for PBXNativeTarget "MarvelGallery" */ = {
			isa = XCConfigurationList;
			buildConfigurations = (
				04961E172CE4C51E0027DD65 /* Debug */,
				04961E182CE4C51E0027DD65 /* Release */,
			);
			defaultConfigurationIsVisible = 0;
			defaultConfigurationName = Release;
		};
		04961E192CE4C51E0027DD65 /* Build configuration list for PBXNativeTarget "MarvelGalleryTests" */ = {
			isa = XCConfigurationList;
			buildConfigurations = (
				04961E1A2CE4C51E0027DD65 /* Debug */,
				04961E1B2CE4C51E0027DD65 /* Release */,
			);
			defaultConfigurationIsVisible = 0;
			defaultConfigurationName = Release;
		};
		04961E1C2CE4C51E0027DD65 /* Build configuration list for PBXNativeTarget "MarvelGalleryUITests" */ = {
			isa = XCConfigurationList;
			buildConfigurations = (
				04961E1D2CE4C51E0027DD65 /* Debug */,
				04961E1E2CE4C51E0027DD65 /* Release */,
			);
			defaultConfigurationIsVisible = 0;
			defaultConfigurationName = Release;
		};
/* End XCConfigurationList section */
	};
	rootObject = 04961DEA2CE4C51B0027DD65 /* Project object */;
}
